
Microsoft Visual Studio Solution File, Format Version 12.00
Project("{FAE04EC0-301F-11D3-BF4B-00C04F79EFBC}") = "4iz268-stock-evidence.backend", "4iz268-stock-evidence.backend\4iz268-stock-evidence.backend.csproj", "{428FABBF-51F0-45F1-A928-EF51078622AB}"
EndProject
Global
	GlobalSection(SolutionConfigurationPlatforms) = preSolution
		Debug|Any CPU = Debug|Any CPU
		Release|Any CPU = Release|Any CPU
	EndGlobalSection
	GlobalSection(ProjectConfigurationPlatforms) = postSolution
		{428FABBF-51F0-45F1-A928-EF51078622AB}.Debug|Any CPU.ActiveCfg = Debug|Any CPU
		{428FABBF-51F0-45F1-A928-EF51078622AB}.Debug|Any CPU.Build.0 = Debug|Any CPU
		{428FABBF-51F0-45F1-A928-EF51078622AB}.Release|Any CPU.ActiveCfg = Release|Any CPU
		{428FABBF-51F0-45F1-A928-EF51078622AB}.Release|Any CPU.Build.0 = Release|Any CPU
	EndGlobalSection
EndGlobal
