
Microsoft Visual Studio Solution File, Format Version 12.00
Project("{FAE04EC0-301F-11D3-BF4B-00C04F79EFBC}") = "4iz268-js-app.backnend", "4iz268-js-app.backnend\4iz268-js-app.backnend.csproj", "{76F10156-F671-4F24-90AB-7F42FF39718D}"
EndProject
Global
	GlobalSection(SolutionConfigurationPlatforms) = preSolution
		Debug|Any CPU = Debug|Any CPU
		Release|Any CPU = Release|Any CPU
	EndGlobalSection
	GlobalSection(ProjectConfigurationPlatforms) = postSolution
		{76F10156-F671-4F24-90AB-7F42FF39718D}.Debug|Any CPU.ActiveCfg = Debug|Any CPU
		{76F10156-F671-4F24-90AB-7F42FF39718D}.Debug|Any CPU.Build.0 = Debug|Any CPU
		{76F10156-F671-4F24-90AB-7F42FF39718D}.Release|Any CPU.ActiveCfg = Release|Any CPU
		{76F10156-F671-4F24-90AB-7F42FF39718D}.Release|Any CPU.Build.0 = Release|Any CPU
	EndGlobalSection
EndGlobal
